// !$*UTF8*$!
{
	archiveVersion = 1;
	classes = {
	};
	objectVersion = 56;
	objects = {

/* Begin PBXBuildFile section */
		609A53D2296AB47300BBD338 /* AppDelegate.swift in Sources */ = {isa = PBXBuildFile; fileRef = 609A53D1296AB47300BBD338 /* AppDelegate.swift */; };
		609A53D4296AB47300BBD338 /* SceneDelegate.swift in Sources */ = {isa = PBXBuildFile; fileRef = 609A53D3296AB47300BBD338 /* SceneDelegate.swift */; };
		609A53D6296AB47300BBD338 /* ViewController.swift in Sources */ = {isa = PBXBuildFile; fileRef = 609A53D5296AB47300BBD338 /* ViewController.swift */; };
		609A53DB296AB47400BBD338 /* Assets.xcassets in Resources */ = {isa = PBXBuildFile; fileRef = 609A53DA296AB47400BBD338 /* Assets.xcassets */; };
		609A53DE296AB47400BBD338 /* LaunchScreen.storyboard in Resources */ = {isa = PBXBuildFile; fileRef = 609A53DC296AB47400BBD338 /* LaunchScreen.storyboard */; };
		609A53E9296AB47400BBD338 /* GaramgaebiTests.swift in Sources */ = {isa = PBXBuildFile; fileRef = 609A53E8296AB47400BBD338 /* GaramgaebiTests.swift */; };
		609A53F3296AB47400BBD338 /* GaramgaebiUITests.swift in Sources */ = {isa = PBXBuildFile; fileRef = 609A53F2296AB47400BBD338 /* GaramgaebiUITests.swift */; };
		609A53F5296AB47400BBD338 /* GaramgaebiUITestsLaunchTests.swift in Sources */ = {isa = PBXBuildFile; fileRef = 609A53F4296AB47400BBD338 /* GaramgaebiUITestsLaunchTests.swift */; };
/* End PBXBuildFile section */

/* Begin PBXContainerItemProxy section */
		609A53E5296AB47400BBD338 /* PBXContainerItemProxy */ = {
			isa = PBXContainerItemProxy;
			containerPortal = 609A53C6296AB47300BBD338 /* Project object */;
			proxyType = 1;
			remoteGlobalIDString = 609A53CD296AB47300BBD338;
			remoteInfo = Garamgaebi;
		};
		609A53EF296AB47400BBD338 /* PBXContainerItemProxy */ = {
			isa = PBXContainerItemProxy;
			containerPortal = 609A53C6296AB47300BBD338 /* Project object */;
			proxyType = 1;
			remoteGlobalIDString = 609A53CD296AB47300BBD338;
			remoteInfo = Garamgaebi;
		};
/* End PBXContainerItemProxy section */

/* Begin PBXFileReference section */
		609A53CE296AB47300BBD338 /* Garamgaebi.app */ = {isa = PBXFileReference; explicitFileType = wrapper.application; includeInIndex = 0; path = Garamgaebi.app; sourceTree = BUILT_PRODUCTS_DIR; };
		609A53D1296AB47300BBD338 /* AppDelegate.swift */ = {isa = PBXFileReference; lastKnownFileType = sourcecode.swift; path = AppDelegate.swift; sourceTree = "<group>"; };
		609A53D3296AB47300BBD338 /* SceneDelegate.swift */ = {isa = PBXFileReference; lastKnownFileType = sourcecode.swift; path = SceneDelegate.swift; sourceTree = "<group>"; };
		609A53D5296AB47300BBD338 /* ViewController.swift */ = {isa = PBXFileReference; lastKnownFileType = sourcecode.swift; path = ViewController.swift; sourceTree = "<group>"; };
		609A53DA296AB47400BBD338 /* Assets.xcassets */ = {isa = PBXFileReference; lastKnownFileType = folder.assetcatalog; path = Assets.xcassets; sourceTree = "<group>"; };
		609A53DD296AB47400BBD338 /* Base */ = {isa = PBXFileReference; lastKnownFileType = file.storyboard; name = Base; path = Base.lproj/LaunchScreen.storyboard; sourceTree = "<group>"; };
		609A53DF296AB47400BBD338 /* Info.plist */ = {isa = PBXFileReference; lastKnownFileType = text.plist.xml; path = Info.plist; sourceTree = "<group>"; };
		609A53E4296AB47400BBD338 /* GaramgaebiTests.xctest */ = {isa = PBXFileReference; explicitFileType = wrapper.cfbundle; includeInIndex = 0; path = GaramgaebiTests.xctest; sourceTree = BUILT_PRODUCTS_DIR; };
		609A53E8296AB47400BBD338 /* GaramgaebiTests.swift */ = {isa = PBXFileReference; lastKnownFileType = sourcecode.swift; path = GaramgaebiTests.swift; sourceTree = "<group>"; };
		609A53EE296AB47400BBD338 /* GaramgaebiUITests.xctest */ = {isa = PBXFileReference; explicitFileType = wrapper.cfbundle; includeInIndex = 0; path = GaramgaebiUITests.xctest; sourceTree = BUILT_PRODUCTS_DIR; };
		609A53F2296AB47400BBD338 /* GaramgaebiUITests.swift */ = {isa = PBXFileReference; lastKnownFileType = sourcecode.swift; path = GaramgaebiUITests.swift; sourceTree = "<group>"; };
		609A53F4296AB47400BBD338 /* GaramgaebiUITestsLaunchTests.swift */ = {isa = PBXFileReference; lastKnownFileType = sourcecode.swift; path = GaramgaebiUITestsLaunchTests.swift; sourceTree = "<group>"; };
/* End PBXFileReference section */

/* Begin PBXFrameworksBuildPhase section */
		609A53CB296AB47300BBD338 /* Frameworks */ = {
			isa = PBXFrameworksBuildPhase;
			buildActionMask = 2147483647;
			files = (
			);
			runOnlyForDeploymentPostprocessing = 0;
		};
		609A53E1296AB47400BBD338 /* Frameworks */ = {
			isa = PBXFrameworksBuildPhase;
			buildActionMask = 2147483647;
			files = (
			);
			runOnlyForDeploymentPostprocessing = 0;
		};
		609A53EB296AB47400BBD338 /* Frameworks */ = {
			isa = PBXFrameworksBuildPhase;
			buildActionMask = 2147483647;
			files = (
			);
			runOnlyForDeploymentPostprocessing = 0;
		};
/* End PBXFrameworksBuildPhase section */

/* Begin PBXGroup section */
		609A53C5296AB47300BBD338 = {
			isa = PBXGroup;
			children = (
				609A53D0296AB47300BBD338 /* Garamgaebi */,
				609A53E7296AB47400BBD338 /* GaramgaebiTests */,
				609A53F1296AB47400BBD338 /* GaramgaebiUITests */,
				609A53CF296AB47300BBD338 /* Products */,
			);
			sourceTree = "<group>";
		};
		609A53CF296AB47300BBD338 /* Products */ = {
			isa = PBXGroup;
			children = (
				609A53CE296AB47300BBD338 /* Garamgaebi.app */,
				609A53E4296AB47400BBD338 /* GaramgaebiTests.xctest */,
				609A53EE296AB47400BBD338 /* GaramgaebiUITests.xctest */,
			);
			name = Products;
			sourceTree = "<group>";
		};
		609A53D0296AB47300BBD338 /* Garamgaebi */ = {
			isa = PBXGroup;
			children = (
				609A53D1296AB47300BBD338 /* AppDelegate.swift */,
				609A53D3296AB47300BBD338 /* SceneDelegate.swift */,
				609A53D5296AB47300BBD338 /* ViewController.swift */,
				609A53DA296AB47400BBD338 /* Assets.xcassets */,
				609A53DC296AB47400BBD338 /* LaunchScreen.storyboard */,
				609A53DF296AB47400BBD338 /* Info.plist */,
			);
			path = Garamgaebi;
			sourceTree = "<group>";
		};
		609A53E7296AB47400BBD338 /* GaramgaebiTests */ = {
			isa = PBXGroup;
			children = (
				609A53E8296AB47400BBD338 /* GaramgaebiTests.swift */,
			);
			path = GaramgaebiTests;
			sourceTree = "<group>";
		};
		609A53F1296AB47400BBD338 /* GaramgaebiUITests */ = {
			isa = PBXGroup;
			children = (
				609A53F2296AB47400BBD338 /* GaramgaebiUITests.swift */,
				609A53F4296AB47400BBD338 /* GaramgaebiUITestsLaunchTests.swift */,
			);
			path = GaramgaebiUITests;
			sourceTree = "<group>";
		};
/* End PBXGroup section */

/* Begin PBXNativeTarget section */
		609A53CD296AB47300BBD338 /* Garamgaebi */ = {
			isa = PBXNativeTarget;
			buildConfigurationList = 609A53F8296AB47400BBD338 /* Build configuration list for PBXNativeTarget "Garamgaebi" */;
			buildPhases = (
				609A53CA296AB47300BBD338 /* Sources */,
				609A53CB296AB47300BBD338 /* Frameworks */,
				609A53CC296AB47300BBD338 /* Resources */,
			);
			buildRules = (
			);
			dependencies = (
			);
			name = Garamgaebi;
			productName = Garamgaebi;
			productReference = 609A53CE296AB47300BBD338 /* Garamgaebi.app */;
			productType = "com.apple.product-type.application";
		};
		609A53E3296AB47400BBD338 /* GaramgaebiTests */ = {
			isa = PBXNativeTarget;
			buildConfigurationList = 609A53FB296AB47400BBD338 /* Build configuration list for PBXNativeTarget "GaramgaebiTests" */;
			buildPhases = (
				609A53E0296AB47400BBD338 /* Sources */,
				609A53E1296AB47400BBD338 /* Frameworks */,
				609A53E2296AB47400BBD338 /* Resources */,
			);
			buildRules = (
			);
			dependencies = (
				609A53E6296AB47400BBD338 /* PBXTargetDependency */,
			);
			name = GaramgaebiTests;
			productName = GaramgaebiTests;
			productReference = 609A53E4296AB47400BBD338 /* GaramgaebiTests.xctest */;
			productType = "com.apple.product-type.bundle.unit-test";
		};
		609A53ED296AB47400BBD338 /* GaramgaebiUITests */ = {
			isa = PBXNativeTarget;
			buildConfigurationList = 609A53FE296AB47400BBD338 /* Build configuration list for PBXNativeTarget "GaramgaebiUITests" */;
			buildPhases = (
				609A53EA296AB47400BBD338 /* Sources */,
				609A53EB296AB47400BBD338 /* Frameworks */,
				609A53EC296AB47400BBD338 /* Resources */,
			);
			buildRules = (
			);
			dependencies = (
				609A53F0296AB47400BBD338 /* PBXTargetDependency */,
			);
			name = GaramgaebiUITests;
			productName = GaramgaebiUITests;
			productReference = 609A53EE296AB47400BBD338 /* GaramgaebiUITests.xctest */;
			productType = "com.apple.product-type.bundle.ui-testing";
		};
/* End PBXNativeTarget section */

/* Begin PBXProject section */
		609A53C6296AB47300BBD338 /* Project object */ = {
			isa = PBXProject;
			attributes = {
				BuildIndependentTargetsInParallel = 1;
				LastSwiftUpdateCheck = 1420;
				LastUpgradeCheck = 1420;
				TargetAttributes = {
					609A53CD296AB47300BBD338 = {
						CreatedOnToolsVersion = 14.2;
					};
					609A53E3296AB47400BBD338 = {
						CreatedOnToolsVersion = 14.2;
						TestTargetID = 609A53CD296AB47300BBD338;
					};
					609A53ED296AB47400BBD338 = {
						CreatedOnToolsVersion = 14.2;
						TestTargetID = 609A53CD296AB47300BBD338;
					};
				};
			};
			buildConfigurationList = 609A53C9296AB47300BBD338 /* Build configuration list for PBXProject "Garamgaebi" */;
			compatibilityVersion = "Xcode 14.0";
			developmentRegion = en;
			hasScannedForEncodings = 0;
			knownRegions = (
				en,
				Base,
			);
			mainGroup = 609A53C5296AB47300BBD338;
			productRefGroup = 609A53CF296AB47300BBD338 /* Products */;
			projectDirPath = "";
			projectRoot = "";
			targets = (
				609A53CD296AB47300BBD338 /* Garamgaebi */,
				609A53E3296AB47400BBD338 /* GaramgaebiTests */,
				609A53ED296AB47400BBD338 /* GaramgaebiUITests */,
			);
		};
/* End PBXProject section */

/* Begin PBXResourcesBuildPhase section */
		609A53CC296AB47300BBD338 /* Resources */ = {
			isa = PBXResourcesBuildPhase;
			buildActionMask = 2147483647;
			files = (
				609A53DE296AB47400BBD338 /* LaunchScreen.storyboard in Resources */,
				609A53DB296AB47400BBD338 /* Assets.xcassets in Resources */,
			);
			runOnlyForDeploymentPostprocessing = 0;
		};
		609A53E2296AB47400BBD338 /* Resources */ = {
			isa = PBXResourcesBuildPhase;
			buildActionMask = 2147483647;
			files = (
			);
			runOnlyForDeploymentPostprocessing = 0;
		};
		609A53EC296AB47400BBD338 /* Resources */ = {
			isa = PBXResourcesBuildPhase;
			buildActionMask = 2147483647;
			files = (
			);
			runOnlyForDeploymentPostprocessing = 0;
		};
/* End PBXResourcesBuildPhase section */

/* Begin PBXSourcesBuildPhase section */
		609A53CA296AB47300BBD338 /* Sources */ = {
			isa = PBXSourcesBuildPhase;
			buildActionMask = 2147483647;
			files = (
				609A53D6296AB47300BBD338 /* ViewController.swift in Sources */,
				609A53D2296AB47300BBD338 /* AppDelegate.swift in Sources */,
				609A53D4296AB47300BBD338 /* SceneDelegate.swift in Sources */,
			);
			runOnlyForDeploymentPostprocessing = 0;
		};
		609A53E0296AB47400BBD338 /* Sources */ = {
			isa = PBXSourcesBuildPhase;
			buildActionMask = 2147483647;
			files = (
				609A53E9296AB47400BBD338 /* GaramgaebiTests.swift in Sources */,
			);
			runOnlyForDeploymentPostprocessing = 0;
		};
		609A53EA296AB47400BBD338 /* Sources */ = {
			isa = PBXSourcesBuildPhase;
			buildActionMask = 2147483647;
			files = (
				609A53F5296AB47400BBD338 /* GaramgaebiUITestsLaunchTests.swift in Sources */,
				609A53F3296AB47400BBD338 /* GaramgaebiUITests.swift in Sources */,
			);
			runOnlyForDeploymentPostprocessing = 0;
		};
/* End PBXSourcesBuildPhase section */

/* Begin PBXTargetDependency section */
		609A53E6296AB47400BBD338 /* PBXTargetDependency */ = {
			isa = PBXTargetDependency;
			target = 609A53CD296AB47300BBD338 /* Garamgaebi */;
			targetProxy = 609A53E5296AB47400BBD338 /* PBXContainerItemProxy */;
		};
		609A53F0296AB47400BBD338 /* PBXTargetDependency */ = {
			isa = PBXTargetDependency;
			target = 609A53CD296AB47300BBD338 /* Garamgaebi */;
			targetProxy = 609A53EF296AB47400BBD338 /* PBXContainerItemProxy */;
		};
/* End PBXTargetDependency section */

/* Begin PBXVariantGroup section */
		609A53DC296AB47400BBD338 /* LaunchScreen.storyboard */ = {
			isa = PBXVariantGroup;
			children = (
				609A53DD296AB47400BBD338 /* Base */,
			);
			name = LaunchScreen.storyboard;
			sourceTree = "<group>";
		};
/* End PBXVariantGroup section */

/* Begin XCBuildConfiguration section */
		609A53F6296AB47400BBD338 /* Debug */ = {
			isa = XCBuildConfiguration;
			buildSettings = {
				ALWAYS_SEARCH_USER_PATHS = NO;
				CLANG_ANALYZER_NONNULL = YES;
				CLANG_ANALYZER_NUMBER_OBJECT_CONVERSION = YES_AGGRESSIVE;
				CLANG_CXX_LANGUAGE_STANDARD = "gnu++20";
				CLANG_ENABLE_MODULES = YES;
				CLANG_ENABLE_OBJC_ARC = YES;
				CLANG_ENABLE_OBJC_WEAK = YES;
				CLANG_WARN_BLOCK_CAPTURE_AUTORELEASING = YES;
				CLANG_WARN_BOOL_CONVERSION = YES;
				CLANG_WARN_COMMA = YES;
				CLANG_WARN_CONSTANT_CONVERSION = YES;
				CLANG_WARN_DEPRECATED_OBJC_IMPLEMENTATIONS = YES;
				CLANG_WARN_DIRECT_OBJC_ISA_USAGE = YES_ERROR;
				CLANG_WARN_DOCUMENTATION_COMMENTS = YES;
				CLANG_WARN_EMPTY_BODY = YES;
				CLANG_WARN_ENUM_CONVERSION = YES;
				CLANG_WARN_INFINITE_RECURSION = YES;
				CLANG_WARN_INT_CONVERSION = YES;
				CLANG_WARN_NON_LITERAL_NULL_CONVERSION = YES;
				CLANG_WARN_OBJC_IMPLICIT_RETAIN_SELF = YES;
				CLANG_WARN_OBJC_LITERAL_CONVERSION = YES;
				CLANG_WARN_OBJC_ROOT_CLASS = YES_ERROR;
				CLANG_WARN_QUOTED_INCLUDE_IN_FRAMEWORK_HEADER = YES;
				CLANG_WARN_RANGE_LOOP_ANALYSIS = YES;
				CLANG_WARN_STRICT_PROTOTYPES = YES;
				CLANG_WARN_SUSPICIOUS_MOVE = YES;
				CLANG_WARN_UNGUARDED_AVAILABILITY = YES_AGGRESSIVE;
				CLANG_WARN_UNREACHABLE_CODE = YES;
				CLANG_WARN__DUPLICATE_METHOD_MATCH = YES;
				COPY_PHASE_STRIP = NO;
				DEBUG_INFORMATION_FORMAT = dwarf;
				ENABLE_STRICT_OBJC_MSGSEND = YES;
				ENABLE_TESTABILITY = YES;
				GCC_C_LANGUAGE_STANDARD = gnu11;
				GCC_DYNAMIC_NO_PIC = NO;
				GCC_NO_COMMON_BLOCKS = YES;
				GCC_OPTIMIZATION_LEVEL = 0;
				GCC_PREPROCESSOR_DEFINITIONS = (
					"DEBUG=1",
					"$(inherited)",
				);
				GCC_WARN_64_TO_32_BIT_CONVERSION = YES;
				GCC_WARN_ABOUT_RETURN_TYPE = YES_ERROR;
				GCC_WARN_UNDECLARED_SELECTOR = YES;
				GCC_WARN_UNINITIALIZED_AUTOS = YES_AGGRESSIVE;
				GCC_WARN_UNUSED_FUNCTION = YES;
				GCC_WARN_UNUSED_VARIABLE = YES;
				IPHONEOS_DEPLOYMENT_TARGET = 15.0;
				MTL_ENABLE_DEBUG_INFO = INCLUDE_SOURCE;
				MTL_FAST_MATH = YES;
				ONLY_ACTIVE_ARCH = YES;
				SDKROOT = iphoneos;
				SWIFT_ACTIVE_COMPILATION_CONDITIONS = DEBUG;
				SWIFT_OPTIMIZATION_LEVEL = "-Onone";
			};
			name = Debug;
		};
		609A53F7296AB47400BBD338 /* Release */ = {
			isa = XCBuildConfiguration;
			buildSettings = {
				ALWAYS_SEARCH_USER_PATHS = NO;
				CLANG_ANALYZER_NONNULL = YES;
				CLANG_ANALYZER_NUMBER_OBJECT_CONVERSION = YES_AGGRESSIVE;
				CLANG_CXX_LANGUAGE_STANDARD = "gnu++20";
				CLANG_ENABLE_MODULES = YES;
				CLANG_ENABLE_OBJC_ARC = YES;
				CLANG_ENABLE_OBJC_WEAK = YES;
				CLANG_WARN_BLOCK_CAPTURE_AUTORELEASING = YES;
				CLANG_WARN_BOOL_CONVERSION = YES;
				CLANG_WARN_COMMA = YES;
				CLANG_WARN_CONSTANT_CONVERSION = YES;
				CLANG_WARN_DEPRECATED_OBJC_IMPLEMENTATIONS = YES;
				CLANG_WARN_DIRECT_OBJC_ISA_USAGE = YES_ERROR;
				CLANG_WARN_DOCUMENTATION_COMMENTS = YES;
				CLANG_WARN_EMPTY_BODY = YES;
				CLANG_WARN_ENUM_CONVERSION = YES;
				CLANG_WARN_INFINITE_RECURSION = YES;
				CLANG_WARN_INT_CONVERSION = YES;
				CLANG_WARN_NON_LITERAL_NULL_CONVERSION = YES;
				CLANG_WARN_OBJC_IMPLICIT_RETAIN_SELF = YES;
				CLANG_WARN_OBJC_LITERAL_CONVERSION = YES;
				CLANG_WARN_OBJC_ROOT_CLASS = YES_ERROR;
				CLANG_WARN_QUOTED_INCLUDE_IN_FRAMEWORK_HEADER = YES;
				CLANG_WARN_RANGE_LOOP_ANALYSIS = YES;
				CLANG_WARN_STRICT_PROTOTYPES = YES;
				CLANG_WARN_SUSPICIOUS_MOVE = YES;
				CLANG_WARN_UNGUARDED_AVAILABILITY = YES_AGGRESSIVE;
				CLANG_WARN_UNREACHABLE_CODE = YES;
				CLANG_WARN__DUPLICATE_METHOD_MATCH = YES;
				COPY_PHASE_STRIP = NO;
				DEBUG_INFORMATION_FORMAT = "dwarf-with-dsym";
				ENABLE_NS_ASSERTIONS = NO;
				ENABLE_STRICT_OBJC_MSGSEND = YES;
				GCC_C_LANGUAGE_STANDARD = gnu11;
				GCC_NO_COMMON_BLOCKS = YES;
				GCC_WARN_64_TO_32_BIT_CONVERSION = YES;
				GCC_WARN_ABOUT_RETURN_TYPE = YES_ERROR;
				GCC_WARN_UNDECLARED_SELECTOR = YES;
				GCC_WARN_UNINITIALIZED_AUTOS = YES_AGGRESSIVE;
				GCC_WARN_UNUSED_FUNCTION = YES;
				GCC_WARN_UNUSED_VARIABLE = YES;
				IPHONEOS_DEPLOYMENT_TARGET = 15.0;
				MTL_ENABLE_DEBUG_INFO = NO;
				MTL_FAST_MATH = YES;
				SDKROOT = iphoneos;
				SWIFT_COMPILATION_MODE = wholemodule;
				SWIFT_OPTIMIZATION_LEVEL = "-O";
				VALIDATE_PRODUCT = YES;
			};
			name = Release;
		};
		609A53F9296AB47400BBD338 /* Debug */ = {
			isa = XCBuildConfiguration;
			buildSettings = {
				ASSETCATALOG_COMPILER_APPICON_NAME = AppIcon;
				ASSETCATALOG_COMPILER_GLOBAL_ACCENT_COLOR_NAME = AccentColor;
				CODE_SIGN_STYLE = Automatic;
				CURRENT_PROJECT_VERSION = 1;
				GENERATE_INFOPLIST_FILE = YES;
				INFOPLIST_FILE = Garamgaebi/Info.plist;
				INFOPLIST_KEY_UIApplicationSupportsIndirectInputEvents = YES;
				INFOPLIST_KEY_UILaunchStoryboardName = LaunchScreen.storyboard;
				INFOPLIST_KEY_UISupportedInterfaceOrientations_iPad = "UIInterfaceOrientationPortrait UIInterfaceOrientationPortraitUpsideDown UIInterfaceOrientationLandscapeLeft UIInterfaceOrientationLandscapeRight";
				INFOPLIST_KEY_UISupportedInterfaceOrientations_iPhone = "UIInterfaceOrientationPortrait UIInterfaceOrientationLandscapeLeft UIInterfaceOrientationLandscapeRight";
				IPHONEOS_DEPLOYMENT_TARGET = 15.0;
				LD_RUNPATH_SEARCH_PATHS = (
					"$(inherited)",
					"@executable_path/Frameworks",
				);
				MARKETING_VERSION = 1.0;
				PRODUCT_BUNDLE_IDENTIFIER = garamgaebi.Garamgaebi;
				PRODUCT_NAME = "$(TARGET_NAME)";
				SWIFT_EMIT_LOC_STRINGS = YES;
				SWIFT_VERSION = 5.0;
				TARGETED_DEVICE_FAMILY = "1,2";
			};
			name = Debug;
		};
		609A53FA296AB47400BBD338 /* Release */ = {
			isa = XCBuildConfiguration;
			buildSettings = {
				ASSETCATALOG_COMPILER_APPICON_NAME = AppIcon;
				ASSETCATALOG_COMPILER_GLOBAL_ACCENT_COLOR_NAME = AccentColor;
				CODE_SIGN_STYLE = Automatic;
				CURRENT_PROJECT_VERSION = 1;
				GENERATE_INFOPLIST_FILE = YES;
				INFOPLIST_FILE = Garamgaebi/Info.plist;
				INFOPLIST_KEY_UIApplicationSupportsIndirectInputEvents = YES;
				INFOPLIST_KEY_UILaunchStoryboardName = LaunchScreen.storyboard;
				INFOPLIST_KEY_UISupportedInterfaceOrientations_iPad = "UIInterfaceOrientationPortrait UIInterfaceOrientationPortraitUpsideDown UIInterfaceOrientationLandscapeLeft UIInterfaceOrientationLandscapeRight";
				INFOPLIST_KEY_UISupportedInterfaceOrientations_iPhone = "UIInterfaceOrientationPortrait UIInterfaceOrientationLandscapeLeft UIInterfaceOrientationLandscapeRight";
				IPHONEOS_DEPLOYMENT_TARGET = 15.0;
				LD_RUNPATH_SEARCH_PATHS = (
					"$(inherited)",
					"@executable_path/Frameworks",
				);
				MARKETING_VERSION = 1.0;
				PRODUCT_BUNDLE_IDENTIFIER = garamgaebi.Garamgaebi;
				PRODUCT_NAME = "$(TARGET_NAME)";
				SWIFT_EMIT_LOC_STRINGS = YES;
				SWIFT_VERSION = 5.0;
				TARGETED_DEVICE_FAMILY = "1,2";
			};
			name = Release;
		};
		609A53FC296AB47400BBD338 /* Debug */ = {
			isa = XCBuildConfiguration;
			buildSettings = {
				ALWAYS_EMBED_SWIFT_STANDARD_LIBRARIES = YES;
				BUNDLE_LOADER = "$(TEST_HOST)";
				CODE_SIGN_STYLE = Automatic;
				CURRENT_PROJECT_VERSION = 1;
				GENERATE_INFOPLIST_FILE = YES;
				IPHONEOS_DEPLOYMENT_TARGET = 16.2;
				MARKETING_VERSION = 1.0;
				PRODUCT_BUNDLE_IDENTIFIER = garamgaebi.GaramgaebiTests;
				PRODUCT_NAME = "$(TARGET_NAME)";
				SWIFT_EMIT_LOC_STRINGS = NO;
				SWIFT_VERSION = 5.0;
				TARGETED_DEVICE_FAMILY = "1,2";
				TEST_HOST = "$(BUILT_PRODUCTS_DIR)/Garamgaebi.app/$(BUNDLE_EXECUTABLE_FOLDER_PATH)/Garamgaebi";
			};
			name = Debug;
		};
		609A53FD296AB47400BBD338 /* Release */ = {
			isa = XCBuildConfiguration;
			buildSettings = {
				ALWAYS_EMBED_SWIFT_STANDARD_LIBRARIES = YES;
				BUNDLE_LOADER = "$(TEST_HOST)";
				CODE_SIGN_STYLE = Automatic;
				CURRENT_PROJECT_VERSION = 1;
				GENERATE_INFOPLIST_FILE = YES;
				IPHONEOS_DEPLOYMENT_TARGET = 16.2;
				MARKETING_VERSION = 1.0;
				PRODUCT_BUNDLE_IDENTIFIER = garamgaebi.GaramgaebiTests;
				PRODUCT_NAME = "$(TARGET_NAME)";
				SWIFT_EMIT_LOC_STRINGS = NO;
				SWIFT_VERSION = 5.0;
				TARGETED_DEVICE_FAMILY = "1,2";
				TEST_HOST = "$(BUILT_PRODUCTS_DIR)/Garamgaebi.app/$(BUNDLE_EXECUTABLE_FOLDER_PATH)/Garamgaebi";
			};
			name = Release;
		};
		609A53FF296AB47400BBD338 /* Debug */ = {
			isa = XCBuildConfiguration;
			buildSettings = {
				ALWAYS_EMBED_SWIFT_STANDARD_LIBRARIES = YES;
				CODE_SIGN_STYLE = Automatic;
				CURRENT_PROJECT_VERSION = 1;
				GENERATE_INFOPLIST_FILE = YES;
				MARKETING_VERSION = 1.0;
				PRODUCT_BUNDLE_IDENTIFIER = garamgaebi.GaramgaebiUITests;
				PRODUCT_NAME = "$(TARGET_NAME)";
				SWIFT_EMIT_LOC_STRINGS = NO;
				SWIFT_VERSION = 5.0;
				TARGETED_DEVICE_FAMILY = "1,2";
				TEST_TARGET_NAME = Garamgaebi;
			};
			name = Debug;
		};
		609A5400296AB47400BBD338 /* Release */ = {
			isa = XCBuildConfiguration;
			buildSettings = {
				ALWAYS_EMBED_SWIFT_STANDARD_LIBRARIES = YES;
				CODE_SIGN_STYLE = Automatic;
				CURRENT_PROJECT_VERSION = 1;
				GENERATE_INFOPLIST_FILE = YES;
				MARKETING_VERSION = 1.0;
				PRODUCT_BUNDLE_IDENTIFIER = garamgaebi.GaramgaebiUITests;
				PRODUCT_NAME = "$(TARGET_NAME)";
				SWIFT_EMIT_LOC_STRINGS = NO;
				SWIFT_VERSION = 5.0;
				TARGETED_DEVICE_FAMILY = "1,2";
				TEST_TARGET_NAME = Garamgaebi;
			};
			name = Release;
		};
/* End XCBuildConfiguration section */

/* Begin XCConfigurationList section */
		609A53C9296AB47300BBD338 /* Build configuration list for PBXProject "Garamgaebi" */ = {
			isa = XCConfigurationList;
			buildConfigurations = (
				609A53F6296AB47400BBD338 /* Debug */,
				609A53F7296AB47400BBD338 /* Release */,
			);
			defaultConfigurationIsVisible = 0;
			defaultConfigurationName = Release;
		};
		609A53F8296AB47400BBD338 /* Build configuration list for PBXNativeTarget "Garamgaebi" */ = {
			isa = XCConfigurationList;
			buildConfigurations = (
				609A53F9296AB47400BBD338 /* Debug */,
				609A53FA296AB47400BBD338 /* Release */,
			);
			defaultConfigurationIsVisible = 0;
			defaultConfigurationName = Release;
		};
		609A53FB296AB47400BBD338 /* Build configuration list for PBXNativeTarget "GaramgaebiTests" */ = {
			isa = XCConfigurationList;
			buildConfigurations = (
				609A53FC296AB47400BBD338 /* Debug */,
				609A53FD296AB47400BBD338 /* Release */,
			);
			defaultConfigurationIsVisible = 0;
			defaultConfigurationName = Release;
		};
		609A53FE296AB47400BBD338 /* Build configuration list for PBXNativeTarget "GaramgaebiUITests" */ = {
			isa = XCConfigurationList;
			buildConfigurations = (
				609A53FF296AB47400BBD338 /* Debug */,
				609A5400296AB47400BBD338 /* Release */,
			);
			defaultConfigurationIsVisible = 0;
			defaultConfigurationName = Release;
		};
/* End XCConfigurationList section */
	};
	rootObject = 609A53C6296AB47300BBD338 /* Project object */;
}
