// !$*UTF8*$!
{
	archiveVersion = 1;
	classes = {
	};
	objectVersion = 56;
	objects = {

/* Begin PBXBuildFile section */
		07387C389AB3203B5F1B6292 /* Pods_Garamgaebi_GaramgaebiUITests.framework in Frameworks */ = {isa = PBXBuildFile; fileRef = 4439625ABB3DE99B3073CDA2 /* Pods_Garamgaebi_GaramgaebiUITests.framework */; };
		2A5DAD14EE12541BAE988EB7 /* Pods_Garamgaebi.framework in Frameworks */ = {isa = PBXBuildFile; fileRef = C8CB1AB7E398B75581977FAF /* Pods_Garamgaebi.framework */; };
		2C0538E7296D7B11005AACA9 /* SeminarInfoCollectionViewCell.swift in Sources */ = {isa = PBXBuildFile; fileRef = 2C0538E6296D7B11005AACA9 /* SeminarInfoCollectionViewCell.swift */; };
		2C0538E9296D7F2A005AACA9 /* SeminarAttendantCollectionViewCell.swift in Sources */ = {isa = PBXBuildFile; fileRef = 2C0538E8296D7F2A005AACA9 /* SeminarAttendantCollectionViewCell.swift */; };
		2C0538ED296DA890005AACA9 /* SeminarAttendantListCollectionViewCell.swift in Sources */ = {isa = PBXBuildFile; fileRef = 2C0538EC296DA890005AACA9 /* SeminarAttendantListCollectionViewCell.swift */; };
		2C0538F2296DAE10005AACA9 /* SeminarPreviewCollectionViewCell.swift in Sources */ = {isa = PBXBuildFile; fileRef = 2C0538F1296DAE10005AACA9 /* SeminarPreviewCollectionViewCell.swift */; };
		2C0538F4296DB1FF005AACA9 /* SeminarPreviewListCollectionViewCell.swift in Sources */ = {isa = PBXBuildFile; fileRef = 2C0538F3296DB1FF005AACA9 /* SeminarPreviewListCollectionViewCell.swift */; };
		2C0538F6296E47A0005AACA9 /* SeminarHeaderView.swift in Sources */ = {isa = PBXBuildFile; fileRef = 2C0538F5296E47A0005AACA9 /* SeminarHeaderView.swift */; };
		2C0538F8296E4C8C005AACA9 /* SeminarRegisterVC.swift in Sources */ = {isa = PBXBuildFile; fileRef = 2C0538F7296E4C8C005AACA9 /* SeminarRegisterVC.swift */; };
		2C6CE688296D644300E88E35 /* SeminarDetailVC.swift in Sources */ = {isa = PBXBuildFile; fileRef = 2C6CE687296D644300E88E35 /* SeminarDetailVC.swift */; };
		2CDD94CF296E9A9C004B8D56 /* SeminarRegisterContentView.swift in Sources */ = {isa = PBXBuildFile; fileRef = 2CDD94CE296E9A9C004B8D56 /* SeminarRegisterContentView.swift */; };
		2CDD94D9296FDB88004B8D56 /* RegisterCancelVC.swift in Sources */ = {isa = PBXBuildFile; fileRef = 2CDD94D8296FDB88004B8D56 /* RegisterCancelVC.swift */; };
		2CDD94DE29700E71004B8D56 /* NetworkingDetailVC.swift in Sources */ = {isa = PBXBuildFile; fileRef = 2CDD94DD29700E71004B8D56 /* NetworkingDetailVC.swift */; };
		2CDD94E129701858004B8D56 /* IceBreakingCollectionViewCell.swift in Sources */ = {isa = PBXBuildFile; fileRef = 2CDD94E029701858004B8D56 /* IceBreakingCollectionViewCell.swift */; };
		2CDD94E329711EB3004B8D56 /* NetworkingGameVC.swift in Sources */ = {isa = PBXBuildFile; fileRef = 2CDD94E229711EB3004B8D56 /* NetworkingGameVC.swift */; };
		2CDD94E529712E8E004B8D56 /* CardCollectionViewCell.swift in Sources */ = {isa = PBXBuildFile; fileRef = 2CDD94E429712E8E004B8D56 /* CardCollectionViewCell.swift */; };
		609A53D2296AB47300BBD338 /* AppDelegate.swift in Sources */ = {isa = PBXBuildFile; fileRef = 609A53D1296AB47300BBD338 /* AppDelegate.swift */; };
		609A53D4296AB47300BBD338 /* SceneDelegate.swift in Sources */ = {isa = PBXBuildFile; fileRef = 609A53D3296AB47300BBD338 /* SceneDelegate.swift */; };
		609A53DB296AB47400BBD338 /* Assets.xcassets in Resources */ = {isa = PBXBuildFile; fileRef = 609A53DA296AB47400BBD338 /* Assets.xcassets */; };
		609A53DE296AB47400BBD338 /* LaunchScreen.storyboard in Resources */ = {isa = PBXBuildFile; fileRef = 609A53DC296AB47400BBD338 /* LaunchScreen.storyboard */; };
		609A53E9296AB47400BBD338 /* GaramgaebiTests.swift in Sources */ = {isa = PBXBuildFile; fileRef = 609A53E8296AB47400BBD338 /* GaramgaebiTests.swift */; };
		609A53F3296AB47400BBD338 /* GaramgaebiUITests.swift in Sources */ = {isa = PBXBuildFile; fileRef = 609A53F2296AB47400BBD338 /* GaramgaebiUITests.swift */; };
		609A53F5296AB47400BBD338 /* GaramgaebiUITestsLaunchTests.swift in Sources */ = {isa = PBXBuildFile; fileRef = 609A53F4296AB47400BBD338 /* GaramgaebiUITestsLaunchTests.swift */; };
		60F913FF296D2F2C00626C40 /* HomeVC.swift in Sources */ = {isa = PBXBuildFile; fileRef = 60F913FE296D2F2C00626C40 /* HomeVC.swift */; };
		60F91401296D2F3D00626C40 /* ViewAllVC.swift in Sources */ = {isa = PBXBuildFile; fileRef = 60F91400296D2F3D00626C40 /* ViewAllVC.swift */; };
		60F91403296D2F4800626C40 /* ProfileVC.swift in Sources */ = {isa = PBXBuildFile; fileRef = 60F91402296D2F4800626C40 /* ProfileVC.swift */; };
		60F91407296D445800626C40 /* UIColor+.swift in Sources */ = {isa = PBXBuildFile; fileRef = 60F91406296D445800626C40 /* UIColor+.swift */; };
		60F91409296D446100626C40 /* UIFont+.swift in Sources */ = {isa = PBXBuildFile; fileRef = 60F91408296D446100626C40 /* UIFont+.swift */; };
		60F91411296D4B6C00626C40 /* NotoSansKR-Black.otf in Resources */ = {isa = PBXBuildFile; fileRef = 60F9140F296D46E500626C40 /* NotoSansKR-Black.otf */; };
		60F91412296D4B6F00626C40 /* NotoSansKR-Thin.otf in Resources */ = {isa = PBXBuildFile; fileRef = 60F91410296D46E500626C40 /* NotoSansKR-Thin.otf */; };
		60F91413296D4B6F00626C40 /* NotoSansKR-Bold.otf in Resources */ = {isa = PBXBuildFile; fileRef = 60F9140E296D46E500626C40 /* NotoSansKR-Bold.otf */; };
		60F91414296D4B6F00626C40 /* NotoSansKR-Light.otf in Resources */ = {isa = PBXBuildFile; fileRef = 60F9140B296D46E500626C40 /* NotoSansKR-Light.otf */; };
		60F91415296D4B6F00626C40 /* NotoSansKR-Medium.otf in Resources */ = {isa = PBXBuildFile; fileRef = 60F9140D296D46E500626C40 /* NotoSansKR-Medium.otf */; };
		60F91416296D4B6F00626C40 /* NotoSansKR-Regular.otf in Resources */ = {isa = PBXBuildFile; fileRef = 60F9140C296D46E500626C40 /* NotoSansKR-Regular.otf */; };
		8774F3F8C23CF17362051187 /* Pods_GaramgaebiTests.framework in Frameworks */ = {isa = PBXBuildFile; fileRef = DE5760D4575087EF7AF0515D /* Pods_GaramgaebiTests.framework */; };
/* End PBXBuildFile section */

/* Begin PBXContainerItemProxy section */
		609A53E5296AB47400BBD338 /* PBXContainerItemProxy */ = {
			isa = PBXContainerItemProxy;
			containerPortal = 609A53C6296AB47300BBD338 /* Project object */;
			proxyType = 1;
			remoteGlobalIDString = 609A53CD296AB47300BBD338;
			remoteInfo = Garamgaebi;
		};
		609A53EF296AB47400BBD338 /* PBXContainerItemProxy */ = {
			isa = PBXContainerItemProxy;
			containerPortal = 609A53C6296AB47300BBD338 /* Project object */;
			proxyType = 1;
			remoteGlobalIDString = 609A53CD296AB47300BBD338;
			remoteInfo = Garamgaebi;
		};
/* End PBXContainerItemProxy section */

/* Begin PBXFileReference section */
		2C0538E6296D7B11005AACA9 /* SeminarInfoCollectionViewCell.swift */ = {isa = PBXFileReference; lastKnownFileType = sourcecode.swift; path = SeminarInfoCollectionViewCell.swift; sourceTree = "<group>"; };
		2C0538E8296D7F2A005AACA9 /* SeminarAttendantCollectionViewCell.swift */ = {isa = PBXFileReference; lastKnownFileType = sourcecode.swift; path = SeminarAttendantCollectionViewCell.swift; sourceTree = "<group>"; };
		2C0538EC296DA890005AACA9 /* SeminarAttendantListCollectionViewCell.swift */ = {isa = PBXFileReference; lastKnownFileType = sourcecode.swift; path = SeminarAttendantListCollectionViewCell.swift; sourceTree = "<group>"; };
		2C0538F1296DAE10005AACA9 /* SeminarPreviewCollectionViewCell.swift */ = {isa = PBXFileReference; lastKnownFileType = sourcecode.swift; path = SeminarPreviewCollectionViewCell.swift; sourceTree = "<group>"; };
		2C0538F3296DB1FF005AACA9 /* SeminarPreviewListCollectionViewCell.swift */ = {isa = PBXFileReference; lastKnownFileType = sourcecode.swift; path = SeminarPreviewListCollectionViewCell.swift; sourceTree = "<group>"; };
		2C0538F5296E47A0005AACA9 /* SeminarHeaderView.swift */ = {isa = PBXFileReference; lastKnownFileType = sourcecode.swift; path = SeminarHeaderView.swift; sourceTree = "<group>"; };
		2C0538F7296E4C8C005AACA9 /* SeminarRegisterVC.swift */ = {isa = PBXFileReference; lastKnownFileType = sourcecode.swift; path = SeminarRegisterVC.swift; sourceTree = "<group>"; };
		2C6CE687296D644300E88E35 /* SeminarDetailVC.swift */ = {isa = PBXFileReference; lastKnownFileType = sourcecode.swift; path = SeminarDetailVC.swift; sourceTree = "<group>"; };
		2CDD94CE296E9A9C004B8D56 /* SeminarRegisterContentView.swift */ = {isa = PBXFileReference; lastKnownFileType = sourcecode.swift; path = SeminarRegisterContentView.swift; sourceTree = "<group>"; };
		2CDD94D8296FDB88004B8D56 /* RegisterCancelVC.swift */ = {isa = PBXFileReference; lastKnownFileType = sourcecode.swift; path = RegisterCancelVC.swift; sourceTree = "<group>"; };
		2CDD94DD29700E71004B8D56 /* NetworkingDetailVC.swift */ = {isa = PBXFileReference; lastKnownFileType = sourcecode.swift; path = NetworkingDetailVC.swift; sourceTree = "<group>"; };
		2CDD94E029701858004B8D56 /* IceBreakingCollectionViewCell.swift */ = {isa = PBXFileReference; lastKnownFileType = sourcecode.swift; path = IceBreakingCollectionViewCell.swift; sourceTree = "<group>"; };
		2CDD94E229711EB3004B8D56 /* NetworkingGameVC.swift */ = {isa = PBXFileReference; lastKnownFileType = sourcecode.swift; path = NetworkingGameVC.swift; sourceTree = "<group>"; };
		2CDD94E429712E8E004B8D56 /* CardCollectionViewCell.swift */ = {isa = PBXFileReference; lastKnownFileType = sourcecode.swift; path = CardCollectionViewCell.swift; sourceTree = "<group>"; };
		4439625ABB3DE99B3073CDA2 /* Pods_Garamgaebi_GaramgaebiUITests.framework */ = {isa = PBXFileReference; explicitFileType = wrapper.framework; includeInIndex = 0; path = Pods_Garamgaebi_GaramgaebiUITests.framework; sourceTree = BUILT_PRODUCTS_DIR; };
		5393A75B600780926B72C170 /* Pods-GaramgaebiTests.release.xcconfig */ = {isa = PBXFileReference; includeInIndex = 1; lastKnownFileType = text.xcconfig; name = "Pods-GaramgaebiTests.release.xcconfig"; path = "Target Support Files/Pods-GaramgaebiTests/Pods-GaramgaebiTests.release.xcconfig"; sourceTree = "<group>"; };
		595E523818BF61B8A2004DDC /* Pods-Garamgaebi.release.xcconfig */ = {isa = PBXFileReference; includeInIndex = 1; lastKnownFileType = text.xcconfig; name = "Pods-Garamgaebi.release.xcconfig"; path = "Target Support Files/Pods-Garamgaebi/Pods-Garamgaebi.release.xcconfig"; sourceTree = "<group>"; };
		609A53CE296AB47300BBD338 /* Garamgaebi.app */ = {isa = PBXFileReference; explicitFileType = wrapper.application; includeInIndex = 0; path = Garamgaebi.app; sourceTree = BUILT_PRODUCTS_DIR; };
		609A53D1296AB47300BBD338 /* AppDelegate.swift */ = {isa = PBXFileReference; lastKnownFileType = sourcecode.swift; path = AppDelegate.swift; sourceTree = "<group>"; };
		609A53D3296AB47300BBD338 /* SceneDelegate.swift */ = {isa = PBXFileReference; lastKnownFileType = sourcecode.swift; path = SceneDelegate.swift; sourceTree = "<group>"; };
		609A53DA296AB47400BBD338 /* Assets.xcassets */ = {isa = PBXFileReference; lastKnownFileType = folder.assetcatalog; path = Assets.xcassets; sourceTree = "<group>"; };
		609A53DD296AB47400BBD338 /* Base */ = {isa = PBXFileReference; lastKnownFileType = file.storyboard; name = Base; path = Base.lproj/LaunchScreen.storyboard; sourceTree = "<group>"; };
		609A53DF296AB47400BBD338 /* Info.plist */ = {isa = PBXFileReference; lastKnownFileType = text.plist.xml; path = Info.plist; sourceTree = "<group>"; };
		609A53E4296AB47400BBD338 /* GaramgaebiTests.xctest */ = {isa = PBXFileReference; explicitFileType = wrapper.cfbundle; includeInIndex = 0; path = GaramgaebiTests.xctest; sourceTree = BUILT_PRODUCTS_DIR; };
		609A53E8296AB47400BBD338 /* GaramgaebiTests.swift */ = {isa = PBXFileReference; lastKnownFileType = sourcecode.swift; path = GaramgaebiTests.swift; sourceTree = "<group>"; };
		609A53EE296AB47400BBD338 /* GaramgaebiUITests.xctest */ = {isa = PBXFileReference; explicitFileType = wrapper.cfbundle; includeInIndex = 0; path = GaramgaebiUITests.xctest; sourceTree = BUILT_PRODUCTS_DIR; };
		609A53F2296AB47400BBD338 /* GaramgaebiUITests.swift */ = {isa = PBXFileReference; lastKnownFileType = sourcecode.swift; path = GaramgaebiUITests.swift; sourceTree = "<group>"; };
		609A53F4296AB47400BBD338 /* GaramgaebiUITestsLaunchTests.swift */ = {isa = PBXFileReference; lastKnownFileType = sourcecode.swift; path = GaramgaebiUITestsLaunchTests.swift; sourceTree = "<group>"; };
		60F913FE296D2F2C00626C40 /* HomeVC.swift */ = {isa = PBXFileReference; lastKnownFileType = sourcecode.swift; path = HomeVC.swift; sourceTree = "<group>"; };
		60F91400296D2F3D00626C40 /* ViewAllVC.swift */ = {isa = PBXFileReference; lastKnownFileType = sourcecode.swift; path = ViewAllVC.swift; sourceTree = "<group>"; };
		60F91402296D2F4800626C40 /* ProfileVC.swift */ = {isa = PBXFileReference; lastKnownFileType = sourcecode.swift; path = ProfileVC.swift; sourceTree = "<group>"; };
		60F91406296D445800626C40 /* UIColor+.swift */ = {isa = PBXFileReference; lastKnownFileType = sourcecode.swift; path = "UIColor+.swift"; sourceTree = "<group>"; };
		60F91408296D446100626C40 /* UIFont+.swift */ = {isa = PBXFileReference; lastKnownFileType = sourcecode.swift; path = "UIFont+.swift"; sourceTree = "<group>"; };
		60F9140B296D46E500626C40 /* NotoSansKR-Light.otf */ = {isa = PBXFileReference; lastKnownFileType = file; path = "NotoSansKR-Light.otf"; sourceTree = "<group>"; };
		60F9140C296D46E500626C40 /* NotoSansKR-Regular.otf */ = {isa = PBXFileReference; lastKnownFileType = file; path = "NotoSansKR-Regular.otf"; sourceTree = "<group>"; };
		60F9140D296D46E500626C40 /* NotoSansKR-Medium.otf */ = {isa = PBXFileReference; lastKnownFileType = file; path = "NotoSansKR-Medium.otf"; sourceTree = "<group>"; };
		60F9140E296D46E500626C40 /* NotoSansKR-Bold.otf */ = {isa = PBXFileReference; lastKnownFileType = file; path = "NotoSansKR-Bold.otf"; sourceTree = "<group>"; };
		60F9140F296D46E500626C40 /* NotoSansKR-Black.otf */ = {isa = PBXFileReference; lastKnownFileType = file; path = "NotoSansKR-Black.otf"; sourceTree = "<group>"; };
		60F91410296D46E500626C40 /* NotoSansKR-Thin.otf */ = {isa = PBXFileReference; lastKnownFileType = file; path = "NotoSansKR-Thin.otf"; sourceTree = "<group>"; };
		C8CB1AB7E398B75581977FAF /* Pods_Garamgaebi.framework */ = {isa = PBXFileReference; explicitFileType = wrapper.framework; includeInIndex = 0; path = Pods_Garamgaebi.framework; sourceTree = BUILT_PRODUCTS_DIR; };
		DE5760D4575087EF7AF0515D /* Pods_GaramgaebiTests.framework */ = {isa = PBXFileReference; explicitFileType = wrapper.framework; includeInIndex = 0; path = Pods_GaramgaebiTests.framework; sourceTree = BUILT_PRODUCTS_DIR; };
		E0F3426C456DDD54ECB7EBDC /* Pods-Garamgaebi-GaramgaebiUITests.release.xcconfig */ = {isa = PBXFileReference; includeInIndex = 1; lastKnownFileType = text.xcconfig; name = "Pods-Garamgaebi-GaramgaebiUITests.release.xcconfig"; path = "Target Support Files/Pods-Garamgaebi-GaramgaebiUITests/Pods-Garamgaebi-GaramgaebiUITests.release.xcconfig"; sourceTree = "<group>"; };
		E38900B8948DCBAD47EEA904 /* Pods-Garamgaebi.debug.xcconfig */ = {isa = PBXFileReference; includeInIndex = 1; lastKnownFileType = text.xcconfig; name = "Pods-Garamgaebi.debug.xcconfig"; path = "Target Support Files/Pods-Garamgaebi/Pods-Garamgaebi.debug.xcconfig"; sourceTree = "<group>"; };
		E98E3CA38D1AEF8FDDE6C675 /* Pods-GaramgaebiTests.debug.xcconfig */ = {isa = PBXFileReference; includeInIndex = 1; lastKnownFileType = text.xcconfig; name = "Pods-GaramgaebiTests.debug.xcconfig"; path = "Target Support Files/Pods-GaramgaebiTests/Pods-GaramgaebiTests.debug.xcconfig"; sourceTree = "<group>"; };
		EEBAEAA3FD1E00EA89967C4A /* Pods-Garamgaebi-GaramgaebiUITests.debug.xcconfig */ = {isa = PBXFileReference; includeInIndex = 1; lastKnownFileType = text.xcconfig; name = "Pods-Garamgaebi-GaramgaebiUITests.debug.xcconfig"; path = "Target Support Files/Pods-Garamgaebi-GaramgaebiUITests/Pods-Garamgaebi-GaramgaebiUITests.debug.xcconfig"; sourceTree = "<group>"; };
/* End PBXFileReference section */

/* Begin PBXFrameworksBuildPhase section */
		609A53CB296AB47300BBD338 /* Frameworks */ = {
			isa = PBXFrameworksBuildPhase;
			buildActionMask = 2147483647;
			files = (
				2A5DAD14EE12541BAE988EB7 /* Pods_Garamgaebi.framework in Frameworks */,
			);
			runOnlyForDeploymentPostprocessing = 0;
		};
		609A53E1296AB47400BBD338 /* Frameworks */ = {
			isa = PBXFrameworksBuildPhase;
			buildActionMask = 2147483647;
			files = (
				8774F3F8C23CF17362051187 /* Pods_GaramgaebiTests.framework in Frameworks */,
			);
			runOnlyForDeploymentPostprocessing = 0;
		};
		609A53EB296AB47400BBD338 /* Frameworks */ = {
			isa = PBXFrameworksBuildPhase;
			buildActionMask = 2147483647;
			files = (
				07387C389AB3203B5F1B6292 /* Pods_Garamgaebi_GaramgaebiUITests.framework in Frameworks */,
			);
			runOnlyForDeploymentPostprocessing = 0;
		};
/* End PBXFrameworksBuildPhase section */

/* Begin PBXGroup section */
		2C0538E4296D7A8D005AACA9 /* ViewController */ = {
			isa = PBXGroup;
			children = (
				2C6CE687296D644300E88E35 /* SeminarDetailVC.swift */,
				2C0538F7296E4C8C005AACA9 /* SeminarRegisterVC.swift */,
				2CDD94CD296E9A78004B8D56 /* SubView */,
			);
			path = ViewController;
			sourceTree = "<group>";
		};
		2C0538E5296D7A96005AACA9 /* Cell */ = {
			isa = PBXGroup;
			children = (
				2C0538F9296E81B2005AACA9 /* SeminarDetail */,
			);
			path = Cell;
			sourceTree = "<group>";
		};
		2C0538EE296DAD7A005AACA9 /* SeminarInfo */ = {
			isa = PBXGroup;
			children = (
				2C0538E6296D7B11005AACA9 /* SeminarInfoCollectionViewCell.swift */,
			);
			path = SeminarInfo;
			sourceTree = "<group>";
		};
		2C0538EF296DAD89005AACA9 /* Attendant */ = {
			isa = PBXGroup;
			children = (
				2C0538E8296D7F2A005AACA9 /* SeminarAttendantCollectionViewCell.swift */,
				2C0538EC296DA890005AACA9 /* SeminarAttendantListCollectionViewCell.swift */,
			);
			path = Attendant;
			sourceTree = "<group>";
		};
		2C0538F0296DADB5005AACA9 /* Preview */ = {
			isa = PBXGroup;
			children = (
				2C0538F1296DAE10005AACA9 /* SeminarPreviewCollectionViewCell.swift */,
				2C0538F3296DB1FF005AACA9 /* SeminarPreviewListCollectionViewCell.swift */,
			);
			path = Preview;
			sourceTree = "<group>";
		};
		2C0538F9296E81B2005AACA9 /* SeminarDetail */ = {
			isa = PBXGroup;
			children = (
				2C0538EE296DAD7A005AACA9 /* SeminarInfo */,
				2C0538EF296DAD89005AACA9 /* Attendant */,
				2C0538F0296DADB5005AACA9 /* Preview */,
			);
			path = SeminarDetail;
			sourceTree = "<group>";
		};
		2C6CE686296D642600E88E35 /* Seminar */ = {
			isa = PBXGroup;
			children = (
				2C0538E4296D7A8D005AACA9 /* ViewController */,
				2C0538E5296D7A96005AACA9 /* Cell */,
			);
			path = Seminar;
			sourceTree = "<group>";
		};
		2CDD94CD296E9A78004B8D56 /* SubView */ = {
			isa = PBXGroup;
			children = (
				2C0538F5296E47A0005AACA9 /* SeminarHeaderView.swift */,
				2CDD94CE296E9A9C004B8D56 /* SeminarRegisterContentView.swift */,
			);
			path = SubView;
			sourceTree = "<group>";
		};
		2CDD94D7296FDA87004B8D56 /* RegisterCancel */ = {
			isa = PBXGroup;
			children = (
				2CDD94D8296FDB88004B8D56 /* RegisterCancelVC.swift */,
			);
			path = RegisterCancel;
			sourceTree = "<group>";
		};
		2CDD94DB29700C97004B8D56 /* Networking */ = {
			isa = PBXGroup;
			children = (
				2CDD94DF297015F1004B8D56 /* Cell */,
				2CDD94DC29700D62004B8D56 /* ViewController */,
			);
			path = Networking;
			sourceTree = "<group>";
		};
		2CDD94DC29700D62004B8D56 /* ViewController */ = {
			isa = PBXGroup;
			children = (
				2CDD94DD29700E71004B8D56 /* NetworkingDetailVC.swift */,
				2CDD94E229711EB3004B8D56 /* NetworkingGameVC.swift */,
			);
			path = ViewController;
			sourceTree = "<group>";
		};
		2CDD94DF297015F1004B8D56 /* Cell */ = {
			isa = PBXGroup;
			children = (
				2CDD94E029701858004B8D56 /* IceBreakingCollectionViewCell.swift */,
				2CDD94E429712E8E004B8D56 /* CardCollectionViewCell.swift */,
			);
			path = Cell;
			sourceTree = "<group>";
		};
		609A53C5296AB47300BBD338 = {
			isa = PBXGroup;
			children = (
				609A53D0296AB47300BBD338 /* Garamgaebi */,
				609A53E7296AB47400BBD338 /* GaramgaebiTests */,
				609A53F1296AB47400BBD338 /* GaramgaebiUITests */,
				609A53CF296AB47300BBD338 /* Products */,
				C388946E3CFC54D744C7F27F /* Pods */,
				F6807721235A5DB65C6CE29C /* Frameworks */,
			);
			sourceTree = "<group>";
		};
		609A53CF296AB47300BBD338 /* Products */ = {
			isa = PBXGroup;
			children = (
				609A53CE296AB47300BBD338 /* Garamgaebi.app */,
				609A53E4296AB47400BBD338 /* GaramgaebiTests.xctest */,
				609A53EE296AB47400BBD338 /* GaramgaebiUITests.xctest */,
			);
			name = Products;
			sourceTree = "<group>";
		};
		609A53D0296AB47300BBD338 /* Garamgaebi */ = {
			isa = PBXGroup;
			children = (
				60F9140A296D465E00626C40 /* Fonts */,
				609A53D1296AB47300BBD338 /* AppDelegate.swift */,
				609A53D3296AB47300BBD338 /* SceneDelegate.swift */,
				60F91405296D440F00626C40 /* Extension */,
				60F91404296D34CD00626C40 /* View */,
				609A53DA296AB47400BBD338 /* Assets.xcassets */,
				609A53DC296AB47400BBD338 /* LaunchScreen.storyboard */,
				609A53DF296AB47400BBD338 /* Info.plist */,
			);
			path = Garamgaebi;
			sourceTree = "<group>";
		};
		609A53E7296AB47400BBD338 /* GaramgaebiTests */ = {
			isa = PBXGroup;
			children = (
				609A53E8296AB47400BBD338 /* GaramgaebiTests.swift */,
			);
			path = GaramgaebiTests;
			sourceTree = "<group>";
		};
		609A53F1296AB47400BBD338 /* GaramgaebiUITests */ = {
			isa = PBXGroup;
			children = (
				609A53F2296AB47400BBD338 /* GaramgaebiUITests.swift */,
				609A53F4296AB47400BBD338 /* GaramgaebiUITestsLaunchTests.swift */,
			);
			path = GaramgaebiUITests;
			sourceTree = "<group>";
		};
		60F913FB296D2EFA00626C40 /* Home */ = {
			isa = PBXGroup;
			children = (
				60F913FE296D2F2C00626C40 /* HomeVC.swift */,
			);
			path = Home;
			sourceTree = "<group>";
		};
		60F913FC296D2F0000626C40 /* ViewAll */ = {
			isa = PBXGroup;
			children = (
				60F91400296D2F3D00626C40 /* ViewAllVC.swift */,
				2CDD94D7296FDA87004B8D56 /* RegisterCancel */,
				2C6CE686296D642600E88E35 /* Seminar */,
				2CDD94DB29700C97004B8D56 /* Networking */,
			);
			path = ViewAll;
			sourceTree = "<group>";
		};
		60F913FD296D2F0600626C40 /* Profile */ = {
			isa = PBXGroup;
			children = (
				60F91402296D2F4800626C40 /* ProfileVC.swift */,
			);
			path = Profile;
			sourceTree = "<group>";
		};
		60F91404296D34CD00626C40 /* View */ = {
			isa = PBXGroup;
			children = (
				60F913FB296D2EFA00626C40 /* Home */,
				60F913FC296D2F0000626C40 /* ViewAll */,
				60F913FD296D2F0600626C40 /* Profile */,
			);
			path = View;
			sourceTree = "<group>";
		};
		60F91405296D440F00626C40 /* Extension */ = {
			isa = PBXGroup;
			children = (
				60F91406296D445800626C40 /* UIColor+.swift */,
				60F91408296D446100626C40 /* UIFont+.swift */,
			);
			path = Extension;
			sourceTree = "<group>";
		};
		60F9140A296D465E00626C40 /* Fonts */ = {
			isa = PBXGroup;
			children = (
				60F9140F296D46E500626C40 /* NotoSansKR-Black.otf */,
				60F9140E296D46E500626C40 /* NotoSansKR-Bold.otf */,
				60F9140B296D46E500626C40 /* NotoSansKR-Light.otf */,
				60F9140D296D46E500626C40 /* NotoSansKR-Medium.otf */,
				60F9140C296D46E500626C40 /* NotoSansKR-Regular.otf */,
				60F91410296D46E500626C40 /* NotoSansKR-Thin.otf */,
			);
			path = Fonts;
			sourceTree = "<group>";
		};
		C388946E3CFC54D744C7F27F /* Pods */ = {
			isa = PBXGroup;
			children = (
				E38900B8948DCBAD47EEA904 /* Pods-Garamgaebi.debug.xcconfig */,
				595E523818BF61B8A2004DDC /* Pods-Garamgaebi.release.xcconfig */,
				EEBAEAA3FD1E00EA89967C4A /* Pods-Garamgaebi-GaramgaebiUITests.debug.xcconfig */,
				E0F3426C456DDD54ECB7EBDC /* Pods-Garamgaebi-GaramgaebiUITests.release.xcconfig */,
				E98E3CA38D1AEF8FDDE6C675 /* Pods-GaramgaebiTests.debug.xcconfig */,
				5393A75B600780926B72C170 /* Pods-GaramgaebiTests.release.xcconfig */,
			);
			path = Pods;
			sourceTree = "<group>";
		};
		F6807721235A5DB65C6CE29C /* Frameworks */ = {
			isa = PBXGroup;
			children = (
				C8CB1AB7E398B75581977FAF /* Pods_Garamgaebi.framework */,
				4439625ABB3DE99B3073CDA2 /* Pods_Garamgaebi_GaramgaebiUITests.framework */,
				DE5760D4575087EF7AF0515D /* Pods_GaramgaebiTests.framework */,
			);
			name = Frameworks;
			sourceTree = "<group>";
		};
/* End PBXGroup section */

/* Begin PBXNativeTarget section */
		609A53CD296AB47300BBD338 /* Garamgaebi */ = {
			isa = PBXNativeTarget;
			buildConfigurationList = 609A53F8296AB47400BBD338 /* Build configuration list for PBXNativeTarget "Garamgaebi" */;
			buildPhases = (
				2EEE51D5F904054653BDDA97 /* [CP] Check Pods Manifest.lock */,
				609A53CA296AB47300BBD338 /* Sources */,
				609A53CB296AB47300BBD338 /* Frameworks */,
				609A53CC296AB47300BBD338 /* Resources */,
				9AE1B84829C3EE7E3991C623 /* [CP] Embed Pods Frameworks */,
			);
			buildRules = (
			);
			dependencies = (
			);
			name = Garamgaebi;
			productName = Garamgaebi;
			productReference = 609A53CE296AB47300BBD338 /* Garamgaebi.app */;
			productType = "com.apple.product-type.application";
		};
		609A53E3296AB47400BBD338 /* GaramgaebiTests */ = {
			isa = PBXNativeTarget;
			buildConfigurationList = 609A53FB296AB47400BBD338 /* Build configuration list for PBXNativeTarget "GaramgaebiTests" */;
			buildPhases = (
				4422FF8FE6FB4B47104ABDE4 /* [CP] Check Pods Manifest.lock */,
				609A53E0296AB47400BBD338 /* Sources */,
				609A53E1296AB47400BBD338 /* Frameworks */,
				609A53E2296AB47400BBD338 /* Resources */,
			);
			buildRules = (
			);
			dependencies = (
				609A53E6296AB47400BBD338 /* PBXTargetDependency */,
			);
			name = GaramgaebiTests;
			productName = GaramgaebiTests;
			productReference = 609A53E4296AB47400BBD338 /* GaramgaebiTests.xctest */;
			productType = "com.apple.product-type.bundle.unit-test";
		};
		609A53ED296AB47400BBD338 /* GaramgaebiUITests */ = {
			isa = PBXNativeTarget;
			buildConfigurationList = 609A53FE296AB47400BBD338 /* Build configuration list for PBXNativeTarget "GaramgaebiUITests" */;
			buildPhases = (
				71E234EB986DC93CB0BC4C66 /* [CP] Check Pods Manifest.lock */,
				609A53EA296AB47400BBD338 /* Sources */,
				609A53EB296AB47400BBD338 /* Frameworks */,
				609A53EC296AB47400BBD338 /* Resources */,
				C619B226F488B9C632D1D9B8 /* [CP] Embed Pods Frameworks */,
			);
			buildRules = (
			);
			dependencies = (
				609A53F0296AB47400BBD338 /* PBXTargetDependency */,
			);
			name = GaramgaebiUITests;
			productName = GaramgaebiUITests;
			productReference = 609A53EE296AB47400BBD338 /* GaramgaebiUITests.xctest */;
			productType = "com.apple.product-type.bundle.ui-testing";
		};
/* End PBXNativeTarget section */

/* Begin PBXProject section */
		609A53C6296AB47300BBD338 /* Project object */ = {
			isa = PBXProject;
			attributes = {
				BuildIndependentTargetsInParallel = 1;
				LastSwiftUpdateCheck = 1420;
				LastUpgradeCheck = 1420;
				TargetAttributes = {
					609A53CD296AB47300BBD338 = {
						CreatedOnToolsVersion = 14.2;
					};
					609A53E3296AB47400BBD338 = {
						CreatedOnToolsVersion = 14.2;
						TestTargetID = 609A53CD296AB47300BBD338;
					};
					609A53ED296AB47400BBD338 = {
						CreatedOnToolsVersion = 14.2;
						TestTargetID = 609A53CD296AB47300BBD338;
					};
				};
			};
			buildConfigurationList = 609A53C9296AB47300BBD338 /* Build configuration list for PBXProject "Garamgaebi" */;
			compatibilityVersion = "Xcode 14.0";
			developmentRegion = en;
			hasScannedForEncodings = 0;
			knownRegions = (
				en,
				Base,
			);
			mainGroup = 609A53C5296AB47300BBD338;
			productRefGroup = 609A53CF296AB47300BBD338 /* Products */;
			projectDirPath = "";
			projectRoot = "";
			targets = (
				609A53CD296AB47300BBD338 /* Garamgaebi */,
				609A53E3296AB47400BBD338 /* GaramgaebiTests */,
				609A53ED296AB47400BBD338 /* GaramgaebiUITests */,
			);
		};
/* End PBXProject section */

/* Begin PBXResourcesBuildPhase section */
		609A53CC296AB47300BBD338 /* Resources */ = {
			isa = PBXResourcesBuildPhase;
			buildActionMask = 2147483647;
			files = (
				60F91414296D4B6F00626C40 /* NotoSansKR-Light.otf in Resources */,
				60F91412296D4B6F00626C40 /* NotoSansKR-Thin.otf in Resources */,
				60F91415296D4B6F00626C40 /* NotoSansKR-Medium.otf in Resources */,
				60F91411296D4B6C00626C40 /* NotoSansKR-Black.otf in Resources */,
				609A53DE296AB47400BBD338 /* LaunchScreen.storyboard in Resources */,
				609A53DB296AB47400BBD338 /* Assets.xcassets in Resources */,
				60F91416296D4B6F00626C40 /* NotoSansKR-Regular.otf in Resources */,
				60F91413296D4B6F00626C40 /* NotoSansKR-Bold.otf in Resources */,
			);
			runOnlyForDeploymentPostprocessing = 0;
		};
		609A53E2296AB47400BBD338 /* Resources */ = {
			isa = PBXResourcesBuildPhase;
			buildActionMask = 2147483647;
			files = (
			);
			runOnlyForDeploymentPostprocessing = 0;
		};
		609A53EC296AB47400BBD338 /* Resources */ = {
			isa = PBXResourcesBuildPhase;
			buildActionMask = 2147483647;
			files = (
			);
			runOnlyForDeploymentPostprocessing = 0;
		};
/* End PBXResourcesBuildPhase section */

/* Begin PBXShellScriptBuildPhase section */
		2EEE51D5F904054653BDDA97 /* [CP] Check Pods Manifest.lock */ = {
			isa = PBXShellScriptBuildPhase;
			buildActionMask = 2147483647;
			files = (
			);
			inputFileListPaths = (
			);
			inputPaths = (
				"${PODS_PODFILE_DIR_PATH}/Podfile.lock",
				"${PODS_ROOT}/Manifest.lock",
			);
			name = "[CP] Check Pods Manifest.lock";
			outputFileListPaths = (
			);
			outputPaths = (
				"$(DERIVED_FILE_DIR)/Pods-Garamgaebi-checkManifestLockResult.txt",
			);
			runOnlyForDeploymentPostprocessing = 0;
			shellPath = /bin/sh;
			shellScript = "diff \"${PODS_PODFILE_DIR_PATH}/Podfile.lock\" \"${PODS_ROOT}/Manifest.lock\" > /dev/null\nif [ $? != 0 ] ; then\n    # print error to STDERR\n    echo \"error: The sandbox is not in sync with the Podfile.lock. Run 'pod install' or update your CocoaPods installation.\" >&2\n    exit 1\nfi\n# This output is used by Xcode 'outputs' to avoid re-running this script phase.\necho \"SUCCESS\" > \"${SCRIPT_OUTPUT_FILE_0}\"\n";
			showEnvVarsInLog = 0;
		};
		4422FF8FE6FB4B47104ABDE4 /* [CP] Check Pods Manifest.lock */ = {
			isa = PBXShellScriptBuildPhase;
			buildActionMask = 2147483647;
			files = (
			);
			inputFileListPaths = (
			);
			inputPaths = (
				"${PODS_PODFILE_DIR_PATH}/Podfile.lock",
				"${PODS_ROOT}/Manifest.lock",
			);
			name = "[CP] Check Pods Manifest.lock";
			outputFileListPaths = (
			);
			outputPaths = (
				"$(DERIVED_FILE_DIR)/Pods-GaramgaebiTests-checkManifestLockResult.txt",
			);
			runOnlyForDeploymentPostprocessing = 0;
			shellPath = /bin/sh;
			shellScript = "diff \"${PODS_PODFILE_DIR_PATH}/Podfile.lock\" \"${PODS_ROOT}/Manifest.lock\" > /dev/null\nif [ $? != 0 ] ; then\n    # print error to STDERR\n    echo \"error: The sandbox is not in sync with the Podfile.lock. Run 'pod install' or update your CocoaPods installation.\" >&2\n    exit 1\nfi\n# This output is used by Xcode 'outputs' to avoid re-running this script phase.\necho \"SUCCESS\" > \"${SCRIPT_OUTPUT_FILE_0}\"\n";
			showEnvVarsInLog = 0;
		};
		71E234EB986DC93CB0BC4C66 /* [CP] Check Pods Manifest.lock */ = {
			isa = PBXShellScriptBuildPhase;
			buildActionMask = 2147483647;
			files = (
			);
			inputFileListPaths = (
			);
			inputPaths = (
				"${PODS_PODFILE_DIR_PATH}/Podfile.lock",
				"${PODS_ROOT}/Manifest.lock",
			);
			name = "[CP] Check Pods Manifest.lock";
			outputFileListPaths = (
			);
			outputPaths = (
				"$(DERIVED_FILE_DIR)/Pods-Garamgaebi-GaramgaebiUITests-checkManifestLockResult.txt",
			);
			runOnlyForDeploymentPostprocessing = 0;
			shellPath = /bin/sh;
			shellScript = "diff \"${PODS_PODFILE_DIR_PATH}/Podfile.lock\" \"${PODS_ROOT}/Manifest.lock\" > /dev/null\nif [ $? != 0 ] ; then\n    # print error to STDERR\n    echo \"error: The sandbox is not in sync with the Podfile.lock. Run 'pod install' or update your CocoaPods installation.\" >&2\n    exit 1\nfi\n# This output is used by Xcode 'outputs' to avoid re-running this script phase.\necho \"SUCCESS\" > \"${SCRIPT_OUTPUT_FILE_0}\"\n";
			showEnvVarsInLog = 0;
		};
		9AE1B84829C3EE7E3991C623 /* [CP] Embed Pods Frameworks */ = {
			isa = PBXShellScriptBuildPhase;
			buildActionMask = 2147483647;
			files = (
			);
			inputFileListPaths = (
				"${PODS_ROOT}/Target Support Files/Pods-Garamgaebi/Pods-Garamgaebi-frameworks-${CONFIGURATION}-input-files.xcfilelist",
			);
			name = "[CP] Embed Pods Frameworks";
			outputFileListPaths = (
				"${PODS_ROOT}/Target Support Files/Pods-Garamgaebi/Pods-Garamgaebi-frameworks-${CONFIGURATION}-output-files.xcfilelist",
			);
			runOnlyForDeploymentPostprocessing = 0;
			shellPath = /bin/sh;
			shellScript = "\"${PODS_ROOT}/Target Support Files/Pods-Garamgaebi/Pods-Garamgaebi-frameworks.sh\"\n";
			showEnvVarsInLog = 0;
		};
		C619B226F488B9C632D1D9B8 /* [CP] Embed Pods Frameworks */ = {
			isa = PBXShellScriptBuildPhase;
			buildActionMask = 2147483647;
			files = (
			);
			inputFileListPaths = (
				"${PODS_ROOT}/Target Support Files/Pods-Garamgaebi-GaramgaebiUITests/Pods-Garamgaebi-GaramgaebiUITests-frameworks-${CONFIGURATION}-input-files.xcfilelist",
			);
			name = "[CP] Embed Pods Frameworks";
			outputFileListPaths = (
				"${PODS_ROOT}/Target Support Files/Pods-Garamgaebi-GaramgaebiUITests/Pods-Garamgaebi-GaramgaebiUITests-frameworks-${CONFIGURATION}-output-files.xcfilelist",
			);
			runOnlyForDeploymentPostprocessing = 0;
			shellPath = /bin/sh;
			shellScript = "\"${PODS_ROOT}/Target Support Files/Pods-Garamgaebi-GaramgaebiUITests/Pods-Garamgaebi-GaramgaebiUITests-frameworks.sh\"\n";
			showEnvVarsInLog = 0;
		};
/* End PBXShellScriptBuildPhase section */

/* Begin PBXSourcesBuildPhase section */
		609A53CA296AB47300BBD338 /* Sources */ = {
			isa = PBXSourcesBuildPhase;
			buildActionMask = 2147483647;
			files = (
				60F91403296D2F4800626C40 /* ProfileVC.swift in Sources */,
				2C0538F2296DAE10005AACA9 /* SeminarPreviewCollectionViewCell.swift in Sources */,
				60F913FF296D2F2C00626C40 /* HomeVC.swift in Sources */,
				60F91401296D2F3D00626C40 /* ViewAllVC.swift in Sources */,
				2CDD94E529712E8E004B8D56 /* CardCollectionViewCell.swift in Sources */,
				2CDD94E329711EB3004B8D56 /* NetworkingGameVC.swift in Sources */,
				2C0538E7296D7B11005AACA9 /* SeminarInfoCollectionViewCell.swift in Sources */,
				60F91409296D446100626C40 /* UIFont+.swift in Sources */,
				2CDD94D9296FDB88004B8D56 /* RegisterCancelVC.swift in Sources */,
				2C0538E9296D7F2A005AACA9 /* SeminarAttendantCollectionViewCell.swift in Sources */,
				2C0538F6296E47A0005AACA9 /* SeminarHeaderView.swift in Sources */,
				2CDD94CF296E9A9C004B8D56 /* SeminarRegisterContentView.swift in Sources */,
				2CDD94E129701858004B8D56 /* IceBreakingCollectionViewCell.swift in Sources */,
				609A53D2296AB47300BBD338 /* AppDelegate.swift in Sources */,
				609A53D4296AB47300BBD338 /* SceneDelegate.swift in Sources */,
				2C0538F8296E4C8C005AACA9 /* SeminarRegisterVC.swift in Sources */,
				2C0538F4296DB1FF005AACA9 /* SeminarPreviewListCollectionViewCell.swift in Sources */,
				60F91407296D445800626C40 /* UIColor+.swift in Sources */,
				2CDD94DE29700E71004B8D56 /* NetworkingDetailVC.swift in Sources */,
				2C0538ED296DA890005AACA9 /* SeminarAttendantListCollectionViewCell.swift in Sources */,
				2C6CE688296D644300E88E35 /* SeminarDetailVC.swift in Sources */,
			);
			runOnlyForDeploymentPostprocessing = 0;
		};
		609A53E0296AB47400BBD338 /* Sources */ = {
			isa = PBXSourcesBuildPhase;
			buildActionMask = 2147483647;
			files = (
				609A53E9296AB47400BBD338 /* GaramgaebiTests.swift in Sources */,
			);
			runOnlyForDeploymentPostprocessing = 0;
		};
		609A53EA296AB47400BBD338 /* Sources */ = {
			isa = PBXSourcesBuildPhase;
			buildActionMask = 2147483647;
			files = (
				609A53F5296AB47400BBD338 /* GaramgaebiUITestsLaunchTests.swift in Sources */,
				609A53F3296AB47400BBD338 /* GaramgaebiUITests.swift in Sources */,
			);
			runOnlyForDeploymentPostprocessing = 0;
		};
/* End PBXSourcesBuildPhase section */

/* Begin PBXTargetDependency section */
		609A53E6296AB47400BBD338 /* PBXTargetDependency */ = {
			isa = PBXTargetDependency;
			target = 609A53CD296AB47300BBD338 /* Garamgaebi */;
			targetProxy = 609A53E5296AB47400BBD338 /* PBXContainerItemProxy */;
		};
		609A53F0296AB47400BBD338 /* PBXTargetDependency */ = {
			isa = PBXTargetDependency;
			target = 609A53CD296AB47300BBD338 /* Garamgaebi */;
			targetProxy = 609A53EF296AB47400BBD338 /* PBXContainerItemProxy */;
		};
/* End PBXTargetDependency section */

/* Begin PBXVariantGroup section */
		609A53DC296AB47400BBD338 /* LaunchScreen.storyboard */ = {
			isa = PBXVariantGroup;
			children = (
				609A53DD296AB47400BBD338 /* Base */,
			);
			name = LaunchScreen.storyboard;
			sourceTree = "<group>";
		};
/* End PBXVariantGroup section */

/* Begin XCBuildConfiguration section */
		609A53F6296AB47400BBD338 /* Debug */ = {
			isa = XCBuildConfiguration;
			buildSettings = {
				ALWAYS_SEARCH_USER_PATHS = NO;
				CLANG_ANALYZER_NONNULL = YES;
				CLANG_ANALYZER_NUMBER_OBJECT_CONVERSION = YES_AGGRESSIVE;
				CLANG_CXX_LANGUAGE_STANDARD = "gnu++20";
				CLANG_ENABLE_MODULES = YES;
				CLANG_ENABLE_OBJC_ARC = YES;
				CLANG_ENABLE_OBJC_WEAK = YES;
				CLANG_WARN_BLOCK_CAPTURE_AUTORELEASING = YES;
				CLANG_WARN_BOOL_CONVERSION = YES;
				CLANG_WARN_COMMA = YES;
				CLANG_WARN_CONSTANT_CONVERSION = YES;
				CLANG_WARN_DEPRECATED_OBJC_IMPLEMENTATIONS = YES;
				CLANG_WARN_DIRECT_OBJC_ISA_USAGE = YES_ERROR;
				CLANG_WARN_DOCUMENTATION_COMMENTS = YES;
				CLANG_WARN_EMPTY_BODY = YES;
				CLANG_WARN_ENUM_CONVERSION = YES;
				CLANG_WARN_INFINITE_RECURSION = YES;
				CLANG_WARN_INT_CONVERSION = YES;
				CLANG_WARN_NON_LITERAL_NULL_CONVERSION = YES;
				CLANG_WARN_OBJC_IMPLICIT_RETAIN_SELF = YES;
				CLANG_WARN_OBJC_LITERAL_CONVERSION = YES;
				CLANG_WARN_OBJC_ROOT_CLASS = YES_ERROR;
				CLANG_WARN_QUOTED_INCLUDE_IN_FRAMEWORK_HEADER = YES;
				CLANG_WARN_RANGE_LOOP_ANALYSIS = YES;
				CLANG_WARN_STRICT_PROTOTYPES = YES;
				CLANG_WARN_SUSPICIOUS_MOVE = YES;
				CLANG_WARN_UNGUARDED_AVAILABILITY = YES_AGGRESSIVE;
				CLANG_WARN_UNREACHABLE_CODE = YES;
				CLANG_WARN__DUPLICATE_METHOD_MATCH = YES;
				COPY_PHASE_STRIP = NO;
				DEBUG_INFORMATION_FORMAT = dwarf;
				ENABLE_STRICT_OBJC_MSGSEND = YES;
				ENABLE_TESTABILITY = YES;
				GCC_C_LANGUAGE_STANDARD = gnu11;
				GCC_DYNAMIC_NO_PIC = NO;
				GCC_NO_COMMON_BLOCKS = YES;
				GCC_OPTIMIZATION_LEVEL = 0;
				GCC_PREPROCESSOR_DEFINITIONS = (
					"DEBUG=1",
					"$(inherited)",
				);
				GCC_WARN_64_TO_32_BIT_CONVERSION = YES;
				GCC_WARN_ABOUT_RETURN_TYPE = YES_ERROR;
				GCC_WARN_UNDECLARED_SELECTOR = YES;
				GCC_WARN_UNINITIALIZED_AUTOS = YES_AGGRESSIVE;
				GCC_WARN_UNUSED_FUNCTION = YES;
				GCC_WARN_UNUSED_VARIABLE = YES;
				IPHONEOS_DEPLOYMENT_TARGET = 14.0;
				MTL_ENABLE_DEBUG_INFO = INCLUDE_SOURCE;
				MTL_FAST_MATH = YES;
				ONLY_ACTIVE_ARCH = YES;
				SDKROOT = iphoneos;
				SWIFT_ACTIVE_COMPILATION_CONDITIONS = DEBUG;
				SWIFT_OPTIMIZATION_LEVEL = "-Onone";
			};
			name = Debug;
		};
		609A53F7296AB47400BBD338 /* Release */ = {
			isa = XCBuildConfiguration;
			buildSettings = {
				ALWAYS_SEARCH_USER_PATHS = NO;
				CLANG_ANALYZER_NONNULL = YES;
				CLANG_ANALYZER_NUMBER_OBJECT_CONVERSION = YES_AGGRESSIVE;
				CLANG_CXX_LANGUAGE_STANDARD = "gnu++20";
				CLANG_ENABLE_MODULES = YES;
				CLANG_ENABLE_OBJC_ARC = YES;
				CLANG_ENABLE_OBJC_WEAK = YES;
				CLANG_WARN_BLOCK_CAPTURE_AUTORELEASING = YES;
				CLANG_WARN_BOOL_CONVERSION = YES;
				CLANG_WARN_COMMA = YES;
				CLANG_WARN_CONSTANT_CONVERSION = YES;
				CLANG_WARN_DEPRECATED_OBJC_IMPLEMENTATIONS = YES;
				CLANG_WARN_DIRECT_OBJC_ISA_USAGE = YES_ERROR;
				CLANG_WARN_DOCUMENTATION_COMMENTS = YES;
				CLANG_WARN_EMPTY_BODY = YES;
				CLANG_WARN_ENUM_CONVERSION = YES;
				CLANG_WARN_INFINITE_RECURSION = YES;
				CLANG_WARN_INT_CONVERSION = YES;
				CLANG_WARN_NON_LITERAL_NULL_CONVERSION = YES;
				CLANG_WARN_OBJC_IMPLICIT_RETAIN_SELF = YES;
				CLANG_WARN_OBJC_LITERAL_CONVERSION = YES;
				CLANG_WARN_OBJC_ROOT_CLASS = YES_ERROR;
				CLANG_WARN_QUOTED_INCLUDE_IN_FRAMEWORK_HEADER = YES;
				CLANG_WARN_RANGE_LOOP_ANALYSIS = YES;
				CLANG_WARN_STRICT_PROTOTYPES = YES;
				CLANG_WARN_SUSPICIOUS_MOVE = YES;
				CLANG_WARN_UNGUARDED_AVAILABILITY = YES_AGGRESSIVE;
				CLANG_WARN_UNREACHABLE_CODE = YES;
				CLANG_WARN__DUPLICATE_METHOD_MATCH = YES;
				COPY_PHASE_STRIP = NO;
				DEBUG_INFORMATION_FORMAT = "dwarf-with-dsym";
				ENABLE_NS_ASSERTIONS = NO;
				ENABLE_STRICT_OBJC_MSGSEND = YES;
				GCC_C_LANGUAGE_STANDARD = gnu11;
				GCC_NO_COMMON_BLOCKS = YES;
				GCC_WARN_64_TO_32_BIT_CONVERSION = YES;
				GCC_WARN_ABOUT_RETURN_TYPE = YES_ERROR;
				GCC_WARN_UNDECLARED_SELECTOR = YES;
				GCC_WARN_UNINITIALIZED_AUTOS = YES_AGGRESSIVE;
				GCC_WARN_UNUSED_FUNCTION = YES;
				GCC_WARN_UNUSED_VARIABLE = YES;
				IPHONEOS_DEPLOYMENT_TARGET = 14.0;
				MTL_ENABLE_DEBUG_INFO = NO;
				MTL_FAST_MATH = YES;
				SDKROOT = iphoneos;
				SWIFT_COMPILATION_MODE = wholemodule;
				SWIFT_OPTIMIZATION_LEVEL = "-O";
				VALIDATE_PRODUCT = YES;
			};
			name = Release;
		};
		609A53F9296AB47400BBD338 /* Debug */ = {
			isa = XCBuildConfiguration;
			baseConfigurationReference = E38900B8948DCBAD47EEA904 /* Pods-Garamgaebi.debug.xcconfig */;
			buildSettings = {
				ASSETCATALOG_COMPILER_APPICON_NAME = AppIcon;
				ASSETCATALOG_COMPILER_GLOBAL_ACCENT_COLOR_NAME = AccentColor;
				CODE_SIGN_STYLE = Automatic;
				CURRENT_PROJECT_VERSION = 1;
				GENERATE_INFOPLIST_FILE = YES;
				INFOPLIST_FILE = Garamgaebi/Info.plist;
				INFOPLIST_KEY_UIApplicationSupportsIndirectInputEvents = YES;
				INFOPLIST_KEY_UILaunchStoryboardName = LaunchScreen.storyboard;
				INFOPLIST_KEY_UISupportedInterfaceOrientations = UIInterfaceOrientationPortrait;
				IPHONEOS_DEPLOYMENT_TARGET = 14.0;
				LD_RUNPATH_SEARCH_PATHS = (
					"$(inherited)",
					"@executable_path/Frameworks",
				);
				MARKETING_VERSION = 1.0;
				PRODUCT_BUNDLE_IDENTIFIER = garamgaebi.Garamgaebi;
				PRODUCT_NAME = "$(TARGET_NAME)";
				SUPPORTED_PLATFORMS = "iphoneos iphonesimulator";
				SUPPORTS_MACCATALYST = NO;
				SUPPORTS_MAC_DESIGNED_FOR_IPHONE_IPAD = NO;
				SWIFT_EMIT_LOC_STRINGS = YES;
				SWIFT_VERSION = 5.0;
				TARGETED_DEVICE_FAMILY = 1;
			};
			name = Debug;
		};
		609A53FA296AB47400BBD338 /* Release */ = {
			isa = XCBuildConfiguration;
			baseConfigurationReference = 595E523818BF61B8A2004DDC /* Pods-Garamgaebi.release.xcconfig */;
			buildSettings = {
				ASSETCATALOG_COMPILER_APPICON_NAME = AppIcon;
				ASSETCATALOG_COMPILER_GLOBAL_ACCENT_COLOR_NAME = AccentColor;
				CODE_SIGN_STYLE = Automatic;
				CURRENT_PROJECT_VERSION = 1;
				GENERATE_INFOPLIST_FILE = YES;
				INFOPLIST_FILE = Garamgaebi/Info.plist;
				INFOPLIST_KEY_UIApplicationSupportsIndirectInputEvents = YES;
				INFOPLIST_KEY_UILaunchStoryboardName = LaunchScreen.storyboard;
				INFOPLIST_KEY_UISupportedInterfaceOrientations = UIInterfaceOrientationPortrait;
				IPHONEOS_DEPLOYMENT_TARGET = 14.0;
				LD_RUNPATH_SEARCH_PATHS = (
					"$(inherited)",
					"@executable_path/Frameworks",
				);
				MARKETING_VERSION = 1.0;
				PRODUCT_BUNDLE_IDENTIFIER = garamgaebi.Garamgaebi;
				PRODUCT_NAME = "$(TARGET_NAME)";
				SUPPORTED_PLATFORMS = "iphoneos iphonesimulator";
				SUPPORTS_MACCATALYST = NO;
				SUPPORTS_MAC_DESIGNED_FOR_IPHONE_IPAD = NO;
				SWIFT_EMIT_LOC_STRINGS = YES;
				SWIFT_VERSION = 5.0;
				TARGETED_DEVICE_FAMILY = 1;
			};
			name = Release;
		};
		609A53FC296AB47400BBD338 /* Debug */ = {
			isa = XCBuildConfiguration;
			baseConfigurationReference = E98E3CA38D1AEF8FDDE6C675 /* Pods-GaramgaebiTests.debug.xcconfig */;
			buildSettings = {
				ALWAYS_EMBED_SWIFT_STANDARD_LIBRARIES = YES;
				BUNDLE_LOADER = "$(TEST_HOST)";
				CODE_SIGN_STYLE = Automatic;
				CURRENT_PROJECT_VERSION = 1;
				GENERATE_INFOPLIST_FILE = YES;
				IPHONEOS_DEPLOYMENT_TARGET = 16.2;
				MARKETING_VERSION = 1.0;
				PRODUCT_BUNDLE_IDENTIFIER = garamgaebi.GaramgaebiTests;
				PRODUCT_NAME = "$(TARGET_NAME)";
				SWIFT_EMIT_LOC_STRINGS = NO;
				SWIFT_VERSION = 5.0;
				TARGETED_DEVICE_FAMILY = "1,2";
				TEST_HOST = "$(BUILT_PRODUCTS_DIR)/Garamgaebi.app/$(BUNDLE_EXECUTABLE_FOLDER_PATH)/Garamgaebi";
			};
			name = Debug;
		};
		609A53FD296AB47400BBD338 /* Release */ = {
			isa = XCBuildConfiguration;
			baseConfigurationReference = 5393A75B600780926B72C170 /* Pods-GaramgaebiTests.release.xcconfig */;
			buildSettings = {
				ALWAYS_EMBED_SWIFT_STANDARD_LIBRARIES = YES;
				BUNDLE_LOADER = "$(TEST_HOST)";
				CODE_SIGN_STYLE = Automatic;
				CURRENT_PROJECT_VERSION = 1;
				GENERATE_INFOPLIST_FILE = YES;
				IPHONEOS_DEPLOYMENT_TARGET = 16.2;
				MARKETING_VERSION = 1.0;
				PRODUCT_BUNDLE_IDENTIFIER = garamgaebi.GaramgaebiTests;
				PRODUCT_NAME = "$(TARGET_NAME)";
				SWIFT_EMIT_LOC_STRINGS = NO;
				SWIFT_VERSION = 5.0;
				TARGETED_DEVICE_FAMILY = "1,2";
				TEST_HOST = "$(BUILT_PRODUCTS_DIR)/Garamgaebi.app/$(BUNDLE_EXECUTABLE_FOLDER_PATH)/Garamgaebi";
			};
			name = Release;
		};
		609A53FF296AB47400BBD338 /* Debug */ = {
			isa = XCBuildConfiguration;
			baseConfigurationReference = EEBAEAA3FD1E00EA89967C4A /* Pods-Garamgaebi-GaramgaebiUITests.debug.xcconfig */;
			buildSettings = {
				ALWAYS_EMBED_SWIFT_STANDARD_LIBRARIES = YES;
				CODE_SIGN_STYLE = Automatic;
				CURRENT_PROJECT_VERSION = 1;
				GENERATE_INFOPLIST_FILE = YES;
				MARKETING_VERSION = 1.0;
				PRODUCT_BUNDLE_IDENTIFIER = garamgaebi.GaramgaebiUITests;
				PRODUCT_NAME = "$(TARGET_NAME)";
				SWIFT_EMIT_LOC_STRINGS = NO;
				SWIFT_VERSION = 5.0;
				TARGETED_DEVICE_FAMILY = "1,2";
				TEST_TARGET_NAME = Garamgaebi;
			};
			name = Debug;
		};
		609A5400296AB47400BBD338 /* Release */ = {
			isa = XCBuildConfiguration;
			baseConfigurationReference = E0F3426C456DDD54ECB7EBDC /* Pods-Garamgaebi-GaramgaebiUITests.release.xcconfig */;
			buildSettings = {
				ALWAYS_EMBED_SWIFT_STANDARD_LIBRARIES = YES;
				CODE_SIGN_STYLE = Automatic;
				CURRENT_PROJECT_VERSION = 1;
				GENERATE_INFOPLIST_FILE = YES;
				MARKETING_VERSION = 1.0;
				PRODUCT_BUNDLE_IDENTIFIER = garamgaebi.GaramgaebiUITests;
				PRODUCT_NAME = "$(TARGET_NAME)";
				SWIFT_EMIT_LOC_STRINGS = NO;
				SWIFT_VERSION = 5.0;
				TARGETED_DEVICE_FAMILY = "1,2";
				TEST_TARGET_NAME = Garamgaebi;
			};
			name = Release;
		};
/* End XCBuildConfiguration section */

/* Begin XCConfigurationList section */
		609A53C9296AB47300BBD338 /* Build configuration list for PBXProject "Garamgaebi" */ = {
			isa = XCConfigurationList;
			buildConfigurations = (
				609A53F6296AB47400BBD338 /* Debug */,
				609A53F7296AB47400BBD338 /* Release */,
			);
			defaultConfigurationIsVisible = 0;
			defaultConfigurationName = Release;
		};
		609A53F8296AB47400BBD338 /* Build configuration list for PBXNativeTarget "Garamgaebi" */ = {
			isa = XCConfigurationList;
			buildConfigurations = (
				609A53F9296AB47400BBD338 /* Debug */,
				609A53FA296AB47400BBD338 /* Release */,
			);
			defaultConfigurationIsVisible = 0;
			defaultConfigurationName = Release;
		};
		609A53FB296AB47400BBD338 /* Build configuration list for PBXNativeTarget "GaramgaebiTests" */ = {
			isa = XCConfigurationList;
			buildConfigurations = (
				609A53FC296AB47400BBD338 /* Debug */,
				609A53FD296AB47400BBD338 /* Release */,
			);
			defaultConfigurationIsVisible = 0;
			defaultConfigurationName = Release;
		};
		609A53FE296AB47400BBD338 /* Build configuration list for PBXNativeTarget "GaramgaebiUITests" */ = {
			isa = XCConfigurationList;
			buildConfigurations = (
				609A53FF296AB47400BBD338 /* Debug */,
				609A5400296AB47400BBD338 /* Release */,
			);
			defaultConfigurationIsVisible = 0;
			defaultConfigurationName = Release;
		};
/* End XCConfigurationList section */
	};
	rootObject = 609A53C6296AB47300BBD338 /* Project object */;
}
