PODS:
  - Alamofire (5.6.2)
  - KakaoSDKAuth (2.13.1):
    - KakaoSDKCommon (= 2.13.1)
  - KakaoSDKCommon (2.13.1):
    - KakaoSDKCommon/Common (= 2.13.1)
    - KakaoSDKCommon/Network (= 2.13.1)
  - KakaoSDKCommon/Common (2.13.1)
  - KakaoSDKCommon/Network (2.13.1):
    - Alamofire (~> 5.1)
    - KakaoSDKCommon/Common (= 2.13.1)
  - KakaoSDKUser (2.13.1):
    - KakaoSDKAuth (= 2.13.1)
  - Kingfisher (7.3.2)
  - ReactorKit (3.2.0):
    - RxSwift (~> 6.0)
    - WeakMapTable (~> 1.1)
  - RxCocoa (6.5.0):
    - RxRelay (= 6.5.0)
    - RxSwift (= 6.5.0)
  - RxRelay (6.5.0):
    - RxSwift (= 6.5.0)
  - RxSwift (6.5.0)
  - SnapKit (5.6.0)
  - Starscream (4.0.4)
  - Then (3.0.0)
  - WeakMapTable (1.2.0)

DEPENDENCIES:
  - Alamofire
  - KakaoSDKAuth
  - KakaoSDKCommon
  - KakaoSDKUser
  - Kingfisher (~> 7.0)
  - ReactorKit
  - RxCocoa
  - RxSwift
  - SnapKit (~> 5.6.0)
  - Starscream
  - Then

SPEC REPOS:
  trunk:
    - Alamofire
    - KakaoSDKAuth
    - KakaoSDKCommon
    - KakaoSDKUser
    - Kingfisher
    - ReactorKit
    - RxCocoa
    - RxRelay
    - RxSwift
    - SnapKit
    - Starscream
    - Then
    - WeakMapTable

SPEC CHECKSUMS:
  Alamofire: d368e1ff8a298e6dde360e35a3e68e6c610e7204
  KakaoSDKAuth: d9de0cb0c723441ced3616d481952bde34438dcb
  KakaoSDKCommon: a16807e19984a0a208c3117c7ef117f101a9a128
  KakaoSDKUser: 92d34cf6af7b123c22a7ee44424332123e356901
  Kingfisher: 0086ad83719761ba9b2cdaf6ef4d5b4878cbae23
  ReactorKit: e8b11d6b9c415405f381669b095c154a05b59eca
  RxCocoa: 94f817b71c07517321eb4f9ad299112ca8af743b
  RxRelay: 1de1523e604c72b6c68feadedd1af3b1b4d0ecbd
  RxSwift: 5710a9e6b17f3c3d6e40d6e559b9fa1e813b2ef8
  SnapKit: e01d52ebb8ddbc333eefe2132acf85c8227d9c25
  Starscream: 5178aed56b316f13fa3bc55694e583d35dd414d9
  Then: 844265ae87834bbe1147d91d5d41a404da2ec27d
  WeakMapTable: 05c694ce8439a7a9ebabb56187287a63c57673d6

PODFILE CHECKSUM: e04d8948ad281e29531695da83324b1f289a8b24

COCOAPODS: 1.11.3
